
Microsoft Visual Studio Solution File, Format Version 12.00
# Visual Studio Version 17
VisualStudioVersion = 17.10.35027.167
MinimumVisualStudioVersion = 10.0.40219.1
Project("{FAE04EC0-301F-11D3-BF4B-00C04F79EFBC}") = "AssabileApi", "AssabileApi\AssabileApi.csproj", "{43AD56F5-8510-4BC5-9EC1-4ABD58880FA9}"
EndProject
Global
	GlobalSection(SolutionConfigurationPlatforms) = preSolution
		Debug|Any CPU = Debug|Any CPU
		Release|Any CPU = Release|Any CPU
	EndGlobalSection
	GlobalSection(ProjectConfigurationPlatforms) = postSolution
		{43AD56F5-8510-4BC5-9EC1-4ABD58880FA9}.Debug|Any CPU.ActiveCfg = Debug|Any CPU
		{43AD56F5-8510-4BC5-9EC1-4ABD58880FA9}.Debug|Any CPU.Build.0 = Debug|Any CPU
		{43AD56F5-8510-4BC5-9EC1-4ABD58880FA9}.Release|Any CPU.ActiveCfg = Release|Any CPU
		{43AD56F5-8510-4BC5-9EC1-4ABD58880FA9}.Release|Any CPU.Build.0 = Release|Any CPU
	EndGlobalSection
	GlobalSection(SolutionProperties) = preSolution
		HideSolutionNode = FALSE
	EndGlobalSection
	GlobalSection(ExtensibilityGlobals) = postSolution
		SolutionGuid = {7B5F56B0-EA31-4E48-8A7D-A2E4691D2DF7}
	EndGlobalSection
EndGlobal
